// !$*UTF8*$!
{
	archiveVersion = 1;
	classes = {
	};
	objectVersion = 50;
	objects = {

/* Begin PBXBuildFile section */
		6CC4311E2136BD3D0072FF73 /* AppDelegate.swift in Sources */ = {isa = PBXBuildFile; fileRef = 6CC4311D2136BD3D0072FF73 /* AppDelegate.swift */; };
		6CC431202136BD3D0072FF73 /* ViewController.swift in Sources */ = {isa = PBXBuildFile; fileRef = 6CC4311F2136BD3D0072FF73 /* ViewController.swift */; };
		6CC431232136BD3D0072FF73 /* Main.storyboard in Resources */ = {isa = PBXBuildFile; fileRef = 6CC431212136BD3D0072FF73 /* Main.storyboard */; };
		6CC431252136BD3E0072FF73 /* Assets.xcassets in Resources */ = {isa = PBXBuildFile; fileRef = 6CC431242136BD3E0072FF73 /* Assets.xcassets */; };
		6CC431282136BD3E0072FF73 /* LaunchScreen.storyboard in Resources */ = {isa = PBXBuildFile; fileRef = 6CC431262136BD3E0072FF73 /* LaunchScreen.storyboard */; };
		6CC431302136BD5C0072FF73 /* YQCircleProgressView.swift in Sources */ = {isa = PBXBuildFile; fileRef = 6CC4312F2136BD5C0072FF73 /* YQCircleProgressView.swift */; };
		6CC431342136C0D10072FF73 /* test.jpg in Resources */ = {isa = PBXBuildFile; fileRef = 6CC431312136C0D10072FF73 /* test.jpg */; };
		6CC431362136C0D10072FF73 /* black.png in Resources */ = {isa = PBXBuildFile; fileRef = 6CC431332136C0D10072FF73 /* black.png */; };
		6CC431392136C3F10072FF73 /* white.jpg in Resources */ = {isa = PBXBuildFile; fileRef = 6CC431372136C3F10072FF73 /* white.jpg */; };
		6CC4313A2136C3F10072FF73 /* color.jpg in Resources */ = {isa = PBXBuildFile; fileRef = 6CC431382136C3F10072FF73 /* color.jpg */; };
/* End PBXBuildFile section */

/* Begin PBXFileReference section */
		6CC4311A2136BD3D0072FF73 /* YQCIrcleProgressView-Demo.app */ = {isa = PBXFileReference; explicitFileType = wrapper.application; includeInIndex = 0; path = "YQCIrcleProgressView-Demo.app"; sourceTree = BUILT_PRODUCTS_DIR; };
		6CC4311D2136BD3D0072FF73 /* AppDelegate.swift */ = {isa = PBXFileReference; lastKnownFileType = sourcecode.swift; path = AppDelegate.swift; sourceTree = "<group>"; };
		6CC4311F2136BD3D0072FF73 /* ViewController.swift */ = {isa = PBXFileReference; lastKnownFileType = sourcecode.swift; path = ViewController.swift; sourceTree = "<group>"; };
		6CC431222136BD3D0072FF73 /* Base */ = {isa = PBXFileReference; lastKnownFileType = file.storyboard; name = Base; path = Base.lproj/Main.storyboard; sourceTree = "<group>"; };
		6CC431242136BD3E0072FF73 /* Assets.xcassets */ = {isa = PBXFileReference; lastKnownFileType = folder.assetcatalog; path = Assets.xcassets; sourceTree = "<group>"; };
		6CC431272136BD3E0072FF73 /* Base */ = {isa = PBXFileReference; lastKnownFileType = file.storyboard; name = Base; path = Base.lproj/LaunchScreen.storyboard; sourceTree = "<group>"; };
		6CC431292136BD3E0072FF73 /* Info.plist */ = {isa = PBXFileReference; lastKnownFileType = text.plist.xml; path = Info.plist; sourceTree = "<group>"; };
		6CC4312F2136BD5C0072FF73 /* YQCircleProgressView.swift */ = {isa = PBXFileReference; lastKnownFileType = sourcecode.swift; path = YQCircleProgressView.swift; sourceTree = "<group>"; };
		6CC431312136C0D10072FF73 /* test.jpg */ = {isa = PBXFileReference; lastKnownFileType = image.jpeg; path = test.jpg; sourceTree = "<group>"; };
		6CC431332136C0D10072FF73 /* black.png */ = {isa = PBXFileReference; lastKnownFileType = image.png; path = black.png; sourceTree = "<group>"; };
		6CC431372136C3F10072FF73 /* white.jpg */ = {isa = PBXFileReference; lastKnownFileType = image.jpeg; path = white.jpg; sourceTree = "<group>"; };
		6CC431382136C3F10072FF73 /* color.jpg */ = {isa = PBXFileReference; lastKnownFileType = image.jpeg; path = color.jpg; sourceTree = "<group>"; };
/* End PBXFileReference section */

/* Begin PBXFrameworksBuildPhase section */
		6CC431172136BD3D0072FF73 /* Frameworks */ = {
			isa = PBXFrameworksBuildPhase;
			buildActionMask = 2147483647;
			files = (
			);
			runOnlyForDeploymentPostprocessing = 0;
		};
/* End PBXFrameworksBuildPhase section */

/* Begin PBXGroup section */
		6CC431112136BD3D0072FF73 = {
			isa = PBXGroup;
			children = (
				6CC4312F2136BD5C0072FF73 /* YQCircleProgressView.swift */,
				6CC4311C2136BD3D0072FF73 /* YQCIrcleProgressView-Demo */,
				6CC4311B2136BD3D0072FF73 /* Products */,
			);
			sourceTree = "<group>";
		};
		6CC4311B2136BD3D0072FF73 /* Products */ = {
			isa = PBXGroup;
			children = (
				6CC4311A2136BD3D0072FF73 /* YQCIrcleProgressView-Demo.app */,
			);
			name = Products;
			sourceTree = "<group>";
		};
		6CC4311C2136BD3D0072FF73 /* YQCIrcleProgressView-Demo */ = {
			isa = PBXGroup;
			children = (
				6CC4311D2136BD3D0072FF73 /* AppDelegate.swift */,
				6CC4311F2136BD3D0072FF73 /* ViewController.swift */,
				6CC431212136BD3D0072FF73 /* Main.storyboard */,
				6CC431242136BD3E0072FF73 /* Assets.xcassets */,
				6CC431262136BD3E0072FF73 /* LaunchScreen.storyboard */,
				6CC431292136BD3E0072FF73 /* Info.plist */,
				6CC431332136C0D10072FF73 /* black.png */,
				6CC431312136C0D10072FF73 /* test.jpg */,
				6CC431372136C3F10072FF73 /* white.jpg */,
				6CC431382136C3F10072FF73 /* color.jpg */,
			);
			path = "YQCIrcleProgressView-Demo";
			sourceTree = "<group>";
		};
/* End PBXGroup section */

/* Begin PBXNativeTarget section */
		6CC431192136BD3D0072FF73 /* YQCIrcleProgressView-Demo */ = {
			isa = PBXNativeTarget;
			buildConfigurationList = 6CC4312C2136BD3E0072FF73 /* Build configuration list for PBXNativeTarget "YQCIrcleProgressView-Demo" */;
			buildPhases = (
				6CC431162136BD3D0072FF73 /* Sources */,
				6CC431172136BD3D0072FF73 /* Frameworks */,
				6CC431182136BD3D0072FF73 /* Resources */,
			);
			buildRules = (
			);
			dependencies = (
			);
			name = "YQCIrcleProgressView-Demo";
			productName = "YQCIrcleProgressView-Demo";
			productReference = 6CC4311A2136BD3D0072FF73 /* YQCIrcleProgressView-Demo.app */;
			productType = "com.apple.product-type.application";
		};
/* End PBXNativeTarget section */

/* Begin PBXProject section */
		6CC431122136BD3D0072FF73 /* Project object */ = {
			isa = PBXProject;
			attributes = {
				LastSwiftUpdateCheck = 0940;
				LastUpgradeCheck = 0940;
				ORGANIZATIONNAME = FreakyYang;
				TargetAttributes = {
					6CC431192136BD3D0072FF73 = {
						CreatedOnToolsVersion = 9.4.1;
					};
				};
			};
			buildConfigurationList = 6CC431152136BD3D0072FF73 /* Build configuration list for PBXProject "YQCIrcleProgressView-Demo" */;
			compatibilityVersion = "Xcode 9.3";
			developmentRegion = en;
			hasScannedForEncodings = 0;
			knownRegions = (
				en,
				Base,
			);
			mainGroup = 6CC431112136BD3D0072FF73;
			productRefGroup = 6CC4311B2136BD3D0072FF73 /* Products */;
			projectDirPath = "";
			projectRoot = "";
			targets = (
				6CC431192136BD3D0072FF73 /* YQCIrcleProgressView-Demo */,
			);
		};
/* End PBXProject section */

/* Begin PBXResourcesBuildPhase section */
		6CC431182136BD3D0072FF73 /* Resources */ = {
			isa = PBXResourcesBuildPhase;
			buildActionMask = 2147483647;
			files = (
				6CC431392136C3F10072FF73 /* white.jpg in Resources */,
				6CC4313A2136C3F10072FF73 /* color.jpg in Resources */,
				6CC431282136BD3E0072FF73 /* LaunchScreen.storyboard in Resources */,
				6CC431252136BD3E0072FF73 /* Assets.xcassets in Resources */,
				6CC431232136BD3D0072FF73 /* Main.storyboard in Resources */,
				6CC431342136C0D10072FF73 /* test.jpg in Resources */,
				6CC431362136C0D10072FF73 /* black.png in Resources */,
			);
			runOnlyForDeploymentPostprocessing = 0;
		};
/* End PBXResourcesBuildPhase section */

/* Begin PBXSourcesBuildPhase section */
		6CC431162136BD3D0072FF73 /* Sources */ = {
			isa = PBXSourcesBuildPhase;
			buildActionMask = 2147483647;
			files = (
				6CC431302136BD5C0072FF73 /* YQCircleProgressView.swift in Sources */,
				6CC431202136BD3D0072FF73 /* ViewController.swift in Sources */,
				6CC4311E2136BD3D0072FF73 /* AppDelegate.swift in Sources */,
			);
			runOnlyForDeploymentPostprocessing = 0;
		};
/* End PBXSourcesBuildPhase section */

/* Begin PBXVariantGroup section */
		6CC431212136BD3D0072FF73 /* Main.storyboard */ = {
			isa = PBXVariantGroup;
			children = (
				6CC431222136BD3D0072FF73 /* Base */,
			);
			name = Main.storyboard;
			sourceTree = "<group>";
		};
		6CC431262136BD3E0072FF73 /* LaunchScreen.storyboard */ = {
			isa = PBXVariantGroup;
			children = (
				6CC431272136BD3E0072FF73 /* Base */,
			);
			name = LaunchScreen.storyboard;
			sourceTree = "<group>";
		};
/* End PBXVariantGroup section */

/* Begin XCBuildConfiguration section */
		6CC4312A2136BD3E0072FF73 /* Debug */ = {
			isa = XCBuildConfiguration;
			buildSettings = {
				ALWAYS_SEARCH_USER_PATHS = NO;
				CLANG_ANALYZER_NONNULL = YES;
				CLANG_ANALYZER_NUMBER_OBJECT_CONVERSION = YES_AGGRESSIVE;
				CLANG_CXX_LANGUAGE_STANDARD = "gnu++14";
				CLANG_CXX_LIBRARY = "libc++";
				CLANG_ENABLE_MODULES = YES;
				CLANG_ENABLE_OBJC_ARC = YES;
				CLANG_ENABLE_OBJC_WEAK = YES;
				CLANG_WARN_BLOCK_CAPTURE_AUTORELEASING = YES;
				CLANG_WARN_BOOL_CONVERSION = YES;
				CLANG_WARN_COMMA = YES;
				CLANG_WARN_CONSTANT_CONVERSION = YES;
				CLANG_WARN_DEPRECATED_OBJC_IMPLEMENTATIONS = YES;
				CLANG_WARN_DIRECT_OBJC_ISA_USAGE = YES_ERROR;
				CLANG_WARN_DOCUMENTATION_COMMENTS = YES;
				CLANG_WARN_EMPTY_BODY = YES;
				CLANG_WARN_ENUM_CONVERSION = YES;
				CLANG_WARN_INFINITE_RECURSION = YES;
				CLANG_WARN_INT_CONVERSION = YES;
				CLANG_WARN_NON_LITERAL_NULL_CONVERSION = YES;
				CLANG_WARN_OBJC_IMPLICIT_RETAIN_SELF = YES;
				CLANG_WARN_OBJC_LITERAL_CONVERSION = YES;
				CLANG_WARN_OBJC_ROOT_CLASS = YES_ERROR;
				CLANG_WARN_RANGE_LOOP_ANALYSIS = YES;
				CLANG_WARN_STRICT_PROTOTYPES = YES;
				CLANG_WARN_SUSPICIOUS_MOVE = YES;
				CLANG_WARN_UNGUARDED_AVAILABILITY = YES_AGGRESSIVE;
				CLANG_WARN_UNREACHABLE_CODE = YES;
				CLANG_WARN__DUPLICATE_METHOD_MATCH = YES;
				CODE_SIGN_IDENTITY = "iPhone Developer";
				COPY_PHASE_STRIP = NO;
				DEBUG_INFORMATION_FORMAT = dwarf;
				ENABLE_STRICT_OBJC_MSGSEND = YES;
				ENABLE_TESTABILITY = YES;
				GCC_C_LANGUAGE_STANDARD = gnu11;
				GCC_DYNAMIC_NO_PIC = NO;
				GCC_NO_COMMON_BLOCKS = YES;
				GCC_OPTIMIZATION_LEVEL = 0;
				GCC_PREPROCESSOR_DEFINITIONS = (
					"DEBUG=1",
					"$(inherited)",
				);
				GCC_WARN_64_TO_32_BIT_CONVERSION = YES;
				GCC_WARN_ABOUT_RETURN_TYPE = YES_ERROR;
				GCC_WARN_UNDECLARED_SELECTOR = YES;
				GCC_WARN_UNINITIALIZED_AUTOS = YES_AGGRESSIVE;
				GCC_WARN_UNUSED_FUNCTION = YES;
				GCC_WARN_UNUSED_VARIABLE = YES;
				IPHONEOS_DEPLOYMENT_TARGET = 11.4;
				MTL_ENABLE_DEBUG_INFO = YES;
				ONLY_ACTIVE_ARCH = YES;
				SDKROOT = iphoneos;
				SWIFT_ACTIVE_COMPILATION_CONDITIONS = DEBUG;
				SWIFT_OPTIMIZATION_LEVEL = "-Onone";
			};
			name = Debug;
		};
		6CC4312B2136BD3E0072FF73 /* Release */ = {
			isa = XCBuildConfiguration;
			buildSettings = {
				ALWAYS_SEARCH_USER_PATHS = NO;
				CLANG_ANALYZER_NONNULL = YES;
				CLANG_ANALYZER_NUMBER_OBJECT_CONVERSION = YES_AGGRESSIVE;
				CLANG_CXX_LANGUAGE_STANDARD = "gnu++14";
				CLANG_CXX_LIBRARY = "libc++";
				CLANG_ENABLE_MODULES = YES;
				CLANG_ENABLE_OBJC_ARC = YES;
				CLANG_ENABLE_OBJC_WEAK = YES;
				CLANG_WARN_BLOCK_CAPTURE_AUTORELEASING = YES;
				CLANG_WARN_BOOL_CONVERSION = YES;
				CLANG_WARN_COMMA = YES;
				CLANG_WARN_CONSTANT_CONVERSION = YES;
				CLANG_WARN_DEPRECATED_OBJC_IMPLEMENTATIONS = YES;
				CLANG_WARN_DIRECT_OBJC_ISA_USAGE = YES_ERROR;
				CLANG_WARN_DOCUMENTATION_COMMENTS = YES;
				CLANG_WARN_EMPTY_BODY = YES;
				CLANG_WARN_ENUM_CONVERSION = YES;
				CLANG_WARN_INFINITE_RECURSION = YES;
				CLANG_WARN_INT_CONVERSION = YES;
				CLANG_WARN_NON_LITERAL_NULL_CONVERSION = YES;
				CLANG_WARN_OBJC_IMPLICIT_RETAIN_SELF = YES;
				CLANG_WARN_OBJC_LITERAL_CONVERSION = YES;
				CLANG_WARN_OBJC_ROOT_CLASS = YES_ERROR;
				CLANG_WARN_RANGE_LOOP_ANALYSIS = YES;
				CLANG_WARN_STRICT_PROTOTYPES = YES;
				CLANG_WARN_SUSPICIOUS_MOVE = YES;
				CLANG_WARN_UNGUARDED_AVAILABILITY = YES_AGGRESSIVE;
				CLANG_WARN_UNREACHABLE_CODE = YES;
				CLANG_WARN__DUPLICATE_METHOD_MATCH = YES;
				CODE_SIGN_IDENTITY = "iPhone Developer";
				COPY_PHASE_STRIP = NO;
				DEBUG_INFORMATION_FORMAT = "dwarf-with-dsym";
				ENABLE_NS_ASSERTIONS = NO;
				ENABLE_STRICT_OBJC_MSGSEND = YES;
				GCC_C_LANGUAGE_STANDARD = gnu11;
				GCC_NO_COMMON_BLOCKS = YES;
				GCC_WARN_64_TO_32_BIT_CONVERSION = YES;
				GCC_WARN_ABOUT_RETURN_TYPE = YES_ERROR;
				GCC_WARN_UNDECLARED_SELECTOR = YES;
				GCC_WARN_UNINITIALIZED_AUTOS = YES_AGGRESSIVE;
				GCC_WARN_UNUSED_FUNCTION = YES;
				GCC_WARN_UNUSED_VARIABLE = YES;
				IPHONEOS_DEPLOYMENT_TARGET = 11.4;
				MTL_ENABLE_DEBUG_INFO = NO;
				SDKROOT = iphoneos;
				SWIFT_COMPILATION_MODE = wholemodule;
				SWIFT_OPTIMIZATION_LEVEL = "-O";
				VALIDATE_PRODUCT = YES;
			};
			name = Release;
		};
		6CC4312D2136BD3E0072FF73 /* Debug */ = {
			isa = XCBuildConfiguration;
			buildSettings = {
				ASSETCATALOG_COMPILER_APPICON_NAME = AppIcon;
				CODE_SIGN_STYLE = Automatic;
				DEVELOPMENT_TEAM = 3NFVM7S86S;
				INFOPLIST_FILE = "YQCIrcleProgressView-Demo/Info.plist";
				LD_RUNPATH_SEARCH_PATHS = (
					"$(inherited)",
					"@executable_path/Frameworks",
				);
				PRODUCT_BUNDLE_IDENTIFIER = "com.freakyyang.YQCIrcleProgressView-Demo";
				PRODUCT_NAME = "$(TARGET_NAME)";
				SWIFT_VERSION = 4.0;
				TARGETED_DEVICE_FAMILY = "1,2";
			};
			name = Debug;
		};
		6CC4312E2136BD3E0072FF73 /* Release */ = {
			isa = XCBuildConfiguration;
			buildSettings = {
				ASSETCATALOG_COMPILER_APPICON_NAME = AppIcon;
				CODE_SIGN_STYLE = Automatic;
				DEVELOPMENT_TEAM = 3NFVM7S86S;
				INFOPLIST_FILE = "YQCIrcleProgressView-Demo/Info.plist";
				LD_RUNPATH_SEARCH_PATHS = (
					"$(inherited)",
					"@executable_path/Frameworks",
				);
				PRODUCT_BUNDLE_IDENTIFIER = "com.freakyyang.YQCIrcleProgressView-Demo";
				PRODUCT_NAME = "$(TARGET_NAME)";
				SWIFT_VERSION = 4.0;
				TARGETED_DEVICE_FAMILY = "1,2";
			};
			name = Release;
		};
/* End XCBuildConfiguration section */

/* Begin XCConfigurationList section */
		6CC431152136BD3D0072FF73 /* Build configuration list for PBXProject "YQCIrcleProgressView-Demo" */ = {
			isa = XCConfigurationList;
			buildConfigurations = (
				6CC4312A2136BD3E0072FF73 /* Debug */,
				6CC4312B2136BD3E0072FF73 /* Release */,
			);
			defaultConfigurationIsVisible = 0;
			defaultConfigurationName = Release;
		};
		6CC4312C2136BD3E0072FF73 /* Build configuration list for PBXNativeTarget "YQCIrcleProgressView-Demo" */ = {
			isa = XCConfigurationList;
			buildConfigurations = (
				6CC4312D2136BD3E0072FF73 /* Debug */,
				6CC4312E2136BD3E0072FF73 /* Release */,
			);
			defaultConfigurationIsVisible = 0;
			defaultConfigurationName = Release;
		};
/* End XCConfigurationList section */
	};
	rootObject = 6CC431122136BD3D0072FF73 /* Project object */;
}
